
Microsoft Visual Studio Solution File, Format Version 12.00
# Visual Studio Version 17
VisualStudioVersion = 17.10.35013.160
MinimumVisualStudioVersion = 10.0.40219.1
Project("{FAE04EC0-301F-11D3-BF4B-00C04F79EFBC}") = "BrainHope .Api", "BrainHope .Api\BrainHope .Api.csproj", "{6016F64A-9248-40D7-9B6C-FEA84980DB39}"
EndProject
Project("{FAE04EC0-301F-11D3-BF4B-00C04F79EFBC}") = "BrainHope.DataAcess", "BrainHope.DataAcess\BrainHope.DataAcess.csproj", "{B79E2C45-0904-468F-AFBB-31CDF0D55853}"
EndProject
Project("{FAE04EC0-301F-11D3-BF4B-00C04F79EFBC}") = "BrainHope.Services", "BrainHope.Services\BrainHope.Services.csproj", "{735F23ED-7AC7-435A-A910-163DB4F4FC05}"
EndProject
Project("{FAE04EC0-301F-11D3-BF4B-00C04F79EFBC}") = "Utilites", "Utilites\Utilites.csproj", "{DD077215-34AE-40B8-9078-F46E60AAA0BB}"
EndProject
Global
	GlobalSection(SolutionConfigurationPlatforms) = preSolution
		Debug|Any CPU = Debug|Any CPU
		Release|Any CPU = Release|Any CPU
	EndGlobalSection
	GlobalSection(ProjectConfigurationPlatforms) = postSolution
		{6016F64A-9248-40D7-9B6C-FEA84980DB39}.Debug|Any CPU.ActiveCfg = Debug|Any CPU
		{6016F64A-9248-40D7-9B6C-FEA84980DB39}.Debug|Any CPU.Build.0 = Debug|Any CPU
		{6016F64A-9248-40D7-9B6C-FEA84980DB39}.Release|Any CPU.ActiveCfg = Release|Any CPU
		{6016F64A-9248-40D7-9B6C-FEA84980DB39}.Release|Any CPU.Build.0 = Release|Any CPU
		{B79E2C45-0904-468F-AFBB-31CDF0D55853}.Debug|Any CPU.ActiveCfg = Debug|Any CPU
		{B79E2C45-0904-468F-AFBB-31CDF0D55853}.Debug|Any CPU.Build.0 = Debug|Any CPU
		{B79E2C45-0904-468F-AFBB-31CDF0D55853}.Release|Any CPU.ActiveCfg = Release|Any CPU
		{B79E2C45-0904-468F-AFBB-31CDF0D55853}.Release|Any CPU.Build.0 = Release|Any CPU
		{735F23ED-7AC7-435A-A910-163DB4F4FC05}.Debug|Any CPU.ActiveCfg = Debug|Any CPU
		{735F23ED-7AC7-435A-A910-163DB4F4FC05}.Debug|Any CPU.Build.0 = Debug|Any CPU
		{735F23ED-7AC7-435A-A910-163DB4F4FC05}.Release|Any CPU.ActiveCfg = Release|Any CPU
		{735F23ED-7AC7-435A-A910-163DB4F4FC05}.Release|Any CPU.Build.0 = Release|Any CPU
		{DD077215-34AE-40B8-9078-F46E60AAA0BB}.Debug|Any CPU.ActiveCfg = Debug|Any CPU
		{DD077215-34AE-40B8-9078-F46E60AAA0BB}.Debug|Any CPU.Build.0 = Debug|Any CPU
		{DD077215-34AE-40B8-9078-F46E60AAA0BB}.Release|Any CPU.ActiveCfg = Release|Any CPU
		{DD077215-34AE-40B8-9078-F46E60AAA0BB}.Release|Any CPU.Build.0 = Release|Any CPU
	EndGlobalSection
	GlobalSection(SolutionProperties) = preSolution
		HideSolutionNode = FALSE
	EndGlobalSection
	GlobalSection(ExtensibilityGlobals) = postSolution
		SolutionGuid = {A33A5FF0-9125-49DD-9AF0-F33D1F457712}
	EndGlobalSection
EndGlobal
